
Microsoft Visual Studio Solution File, Format Version 12.00
# Visual Studio Version 17
VisualStudioVersion = 17.6.33815.320
MinimumVisualStudioVersion = 10.0.40219.1
Project("{FAE04EC0-301F-11D3-BF4B-00C04F79EFBC}") = "Project", "Project\Project.csproj", "{D36C9DB2-A322-43E3-8BC3-C53E64711CE0}"
EndProject
Global
	GlobalSection(SolutionConfigurationPlatforms) = preSolution
		Debug|Any CPU = Debug|Any CPU
		Release|Any CPU = Release|Any CPU
	EndGlobalSection
	GlobalSection(ProjectConfigurationPlatforms) = postSolution
		{D36C9DB2-A322-43E3-8BC3-C53E64711CE0}.Debug|Any CPU.ActiveCfg = Debug|Any CPU
		{D36C9DB2-A322-43E3-8BC3-C53E64711CE0}.Debug|Any CPU.Build.0 = Debug|Any CPU
		{D36C9DB2-A322-43E3-8BC3-C53E64711CE0}.Release|Any CPU.ActiveCfg = Release|Any CPU
		{D36C9DB2-A322-43E3-8BC3-C53E64711CE0}.Release|Any CPU.Build.0 = Release|Any CPU
	EndGlobalSection
	GlobalSection(SolutionProperties) = preSolution
		HideSolutionNode = FALSE
	EndGlobalSection
	GlobalSection(ExtensibilityGlobals) = postSolution
		SolutionGuid = {6691C714-F33C-4DB0-A46F-95BBA84F2E70}
	EndGlobalSection
EndGlobal
